
Microsoft Visual Studio Solution File, Format Version 12.00
# Visual Studio Version 17
VisualStudioVersion = 17.4.33122.133
MinimumVisualStudioVersion = 10.0.40219.1
Project("{FAE04EC0-301F-11D3-BF4B-00C04F79EFBC}") = "IntegradoraAPI", "IntegradoraAPI\IntegradoraAPI.csproj", "{FCB2EC50-E203-4F7B-99AE-545E1BF8974E}"
EndProject
Global
	GlobalSection(SolutionConfigurationPlatforms) = preSolution
		Debug|Any CPU = Debug|Any CPU
		Release|Any CPU = Release|Any CPU
	EndGlobalSection
	GlobalSection(ProjectConfigurationPlatforms) = postSolution
		{FCB2EC50-E203-4F7B-99AE-545E1BF8974E}.Debug|Any CPU.ActiveCfg = Debug|Any CPU
		{FCB2EC50-E203-4F7B-99AE-545E1BF8974E}.Debug|Any CPU.Build.0 = Debug|Any CPU
		{FCB2EC50-E203-4F7B-99AE-545E1BF8974E}.Release|Any CPU.ActiveCfg = Release|Any CPU
		{FCB2EC50-E203-4F7B-99AE-545E1BF8974E}.Release|Any CPU.Build.0 = Release|Any CPU
	EndGlobalSection
	GlobalSection(SolutionProperties) = preSolution
		HideSolutionNode = FALSE
	EndGlobalSection
	GlobalSection(ExtensibilityGlobals) = postSolution
		SolutionGuid = {E9116A02-1BA6-4455-A412-C6DB97AC3D99}
	EndGlobalSection
EndGlobal
